# This file is autogenerated, do not edit; changes may be undone by the next 'dep ensure'.


[[projects]]
  branch = "master"
  name = "github.com/mitchellh/go-homedir"
  packages = ["."]
  revision = "b8bc1bf767474819792c23f32d8286a45736f1c6"

[[projects]]
  branch = "master"
  name = "github.com/prologic/go-gopher"
  packages = ["."]
  revision = "97f53e068d24d95e21731765e2fa585c0b3cab5c"

[[projects]]
  name = "github.com/prologic/gopherproxy"
  packages = ["."]
  revision = "76f337705e6d766e5f4f3799505ede8ec4ad43c9"
  version = "v0.0.2"

[[projects]]
  branch = "master"
  name = "github.com/zserge/webview"
  packages = ["."]
  revision = "f95b39d0f75d3101fb984fca513423ddea084b9a"

[[projects]]
  branch = "master"
  name = "golang.org/x/net"
  packages = ["context"]
  revision = "a337091b0525af65de94df2eb7e98bd9962dcbe2"

[solve-meta]
  analyzer-name = "dep"
  analyzer-version = 1
  inputs-digest = "d1c68f4ccf724e3268793cd8e4e339948e3693fa5b457808c9cb902c739c8e89"
  solver-name = "gps-cdcl"
  solver-version = 1
